// !$*UTF8*$!
{
	archiveVersion = 1;
	classes = {
	};
	objectVersion = 46;
	objects = {

/* Begin PBXBuildFile section */
		0A4172691F2A01FE00CB61A3 /* FirstViewController.m in Sources */ = {isa = PBXBuildFile; fileRef = 0A41725B1F2A01FE00CB61A3 /* FirstViewController.m */; };
		0A41726A1F2A01FE00CB61A3 /* PersonalCenterViewController.m in Sources */ = {isa = PBXBuildFile; fileRef = 0A41725E1F2A01FE00CB61A3 /* PersonalCenterViewController.m */; };
		0A41726B1F2A01FE00CB61A3 /* PersonalCenterViewModel.m in Sources */ = {isa = PBXBuildFile; fileRef = 0A4172601F2A01FE00CB61A3 /* PersonalCenterViewModel.m */; };
		0A41726C1F2A01FE00CB61A3 /* SecondViewController.m in Sources */ = {isa = PBXBuildFile; fileRef = 0A4172631F2A01FE00CB61A3 /* SecondViewController.m */; };
		0A41726D1F2A01FE00CB61A3 /* ItemDetailViewController.m in Sources */ = {isa = PBXBuildFile; fileRef = 0A4172661F2A01FE00CB61A3 /* ItemDetailViewController.m */; };
		0A41726E1F2A01FE00CB61A3 /* TopListViewController.m in Sources */ = {isa = PBXBuildFile; fileRef = 0A4172681F2A01FE00CB61A3 /* TopListViewController.m */; };
		0A4172771F2A07D600CB61A3 /* UnitTestDemoTests.m in Sources */ = {isa = PBXBuildFile; fileRef = 0A4172761F2A07D600CB61A3 /* UnitTestDemoTests.m */; };
		0A41727A1F2A0E8C00CB61A3 /* UIView+TestingHelper.m in Sources */ = {isa = PBXBuildFile; fileRef = 0A4172791F2A0E8C00CB61A3 /* UIView+TestingHelper.m */; };
		0A5EC19C1F298FFF0030844F /* main.m in Sources */ = {isa = PBXBuildFile; fileRef = 0A5EC19B1F298FFF0030844F /* main.m */; };
		0A5EC19F1F298FFF0030844F /* AppDelegate.m in Sources */ = {isa = PBXBuildFile; fileRef = 0A5EC19E1F298FFF0030844F /* AppDelegate.m */; };
		0A5EC1A81F298FFF0030844F /* Main.storyboard in Resources */ = {isa = PBXBuildFile; fileRef = 0A5EC1A61F298FFF0030844F /* Main.storyboard */; };
		0A5EC1AA1F298FFF0030844F /* Assets.xcassets in Resources */ = {isa = PBXBuildFile; fileRef = 0A5EC1A91F298FFF0030844F /* Assets.xcassets */; };
		0A5EC1AD1F298FFF0030844F /* LaunchScreen.storyboard in Resources */ = {isa = PBXBuildFile; fileRef = 0A5EC1AB1F298FFF0030844F /* LaunchScreen.storyboard */; };
		0ACF516B1F2AC2BC00518C8C /* FirstViewControllerTests.m in Sources */ = {isa = PBXBuildFile; fileRef = 0ACF516A1F2AC2BC00518C8C /* FirstViewControllerTests.m */; };
		0AD203D11F2AC9F600721F5D /* UIButton+TestingHelper.m in Sources */ = {isa = PBXBuildFile; fileRef = 0AD203D01F2AC9F600721F5D /* UIButton+TestingHelper.m */; };
		0AD203D41F2ADB0700721F5D /* CustomViewController.m in Sources */ = {isa = PBXBuildFile; fileRef = 0AD203D31F2ADB0700721F5D /* CustomViewController.m */; };
		0AD203D71F2B189C00721F5D /* PersonalCenterViewModel+TestingHelp.m in Sources */ = {isa = PBXBuildFile; fileRef = 0AD203D61F2B189C00721F5D /* PersonalCenterViewModel+TestingHelp.m */; };
		DEC06B9AB3EA70541A6372E7 /* libPods-UnitTestDemo.a in Frameworks */ = {isa = PBXBuildFile; fileRef = DBB8F622DD47772FB695AE92 /* libPods-UnitTestDemo.a */; };
/* End PBXBuildFile section */

/* Begin PBXContainerItemProxy section */
		0A5EC1B41F2990000030844F /* PBXContainerItemProxy */ = {
			isa = PBXContainerItemProxy;
			containerPortal = 0A5EC18F1F298FFF0030844F /* Project object */;
			proxyType = 1;
			remoteGlobalIDString = 0A5EC1961F298FFF0030844F;
			remoteInfo = UnitTestDemo;
		};
/* End PBXContainerItemProxy section */

/* Begin PBXFileReference section */
		05EB1976BE4763FD0B2464F1 /* Pods-UnitTestDemo.debug.xcconfig */ = {isa = PBXFileReference; includeInIndex = 1; lastKnownFileType = text.xcconfig; name = "Pods-UnitTestDemo.debug.xcconfig"; path = "Pods/Target Support Files/Pods-UnitTestDemo/Pods-UnitTestDemo.debug.xcconfig"; sourceTree = "<group>"; };
		0A41725A1F2A01FE00CB61A3 /* FirstViewController.h */ = {isa = PBXFileReference; fileEncoding = 4; lastKnownFileType = sourcecode.c.h; path = FirstViewController.h; sourceTree = "<group>"; };
		0A41725B1F2A01FE00CB61A3 /* FirstViewController.m */ = {isa = PBXFileReference; fileEncoding = 4; lastKnownFileType = sourcecode.c.objc; path = FirstViewController.m; sourceTree = "<group>"; };
		0A41725D1F2A01FE00CB61A3 /* PersonalCenterViewController.h */ = {isa = PBXFileReference; fileEncoding = 4; lastKnownFileType = sourcecode.c.h; path = PersonalCenterViewController.h; sourceTree = "<group>"; };
		0A41725E1F2A01FE00CB61A3 /* PersonalCenterViewController.m */ = {isa = PBXFileReference; fileEncoding = 4; lastKnownFileType = sourcecode.c.objc; path = PersonalCenterViewController.m; sourceTree = "<group>"; };
		0A41725F1F2A01FE00CB61A3 /* PersonalCenterViewModel.h */ = {isa = PBXFileReference; fileEncoding = 4; lastKnownFileType = sourcecode.c.h; path = PersonalCenterViewModel.h; sourceTree = "<group>"; };
		0A4172601F2A01FE00CB61A3 /* PersonalCenterViewModel.m */ = {isa = PBXFileReference; fileEncoding = 4; lastKnownFileType = sourcecode.c.objc; path = PersonalCenterViewModel.m; sourceTree = "<group>"; };
		0A4172621F2A01FE00CB61A3 /* SecondViewController.h */ = {isa = PBXFileReference; fileEncoding = 4; lastKnownFileType = sourcecode.c.h; path = SecondViewController.h; sourceTree = "<group>"; };
		0A4172631F2A01FE00CB61A3 /* SecondViewController.m */ = {isa = PBXFileReference; fileEncoding = 4; lastKnownFileType = sourcecode.c.objc; path = SecondViewController.m; sourceTree = "<group>"; };
		0A4172651F2A01FE00CB61A3 /* ItemDetailViewController.h */ = {isa = PBXFileReference; fileEncoding = 4; lastKnownFileType = sourcecode.c.h; path = ItemDetailViewController.h; sourceTree = "<group>"; };
		0A4172661F2A01FE00CB61A3 /* ItemDetailViewController.m */ = {isa = PBXFileReference; fileEncoding = 4; lastKnownFileType = sourcecode.c.objc; path = ItemDetailViewController.m; sourceTree = "<group>"; };
		0A4172671F2A01FE00CB61A3 /* TopListViewController.h */ = {isa = PBXFileReference; fileEncoding = 4; lastKnownFileType = sourcecode.c.h; path = TopListViewController.h; sourceTree = "<group>"; };
		0A4172681F2A01FE00CB61A3 /* TopListViewController.m */ = {isa = PBXFileReference; fileEncoding = 4; lastKnownFileType = sourcecode.c.objc; path = TopListViewController.m; sourceTree = "<group>"; };
		0A4172761F2A07D600CB61A3 /* UnitTestDemoTests.m */ = {isa = PBXFileReference; fileEncoding = 4; lastKnownFileType = sourcecode.c.objc; path = UnitTestDemoTests.m; sourceTree = "<group>"; };
		0A4172781F2A0E8C00CB61A3 /* UIView+TestingHelper.h */ = {isa = PBXFileReference; fileEncoding = 4; lastKnownFileType = sourcecode.c.h; path = "UIView+TestingHelper.h"; sourceTree = "<group>"; };
		0A4172791F2A0E8C00CB61A3 /* UIView+TestingHelper.m */ = {isa = PBXFileReference; fileEncoding = 4; lastKnownFileType = sourcecode.c.objc; path = "UIView+TestingHelper.m"; sourceTree = "<group>"; };
		0A5EC1971F298FFF0030844F /* UnitTestDemo.app */ = {isa = PBXFileReference; explicitFileType = wrapper.application; includeInIndex = 0; path = UnitTestDemo.app; sourceTree = BUILT_PRODUCTS_DIR; };
		0A5EC19B1F298FFF0030844F /* main.m */ = {isa = PBXFileReference; lastKnownFileType = sourcecode.c.objc; path = main.m; sourceTree = "<group>"; };
		0A5EC19D1F298FFF0030844F /* AppDelegate.h */ = {isa = PBXFileReference; lastKnownFileType = sourcecode.c.h; path = AppDelegate.h; sourceTree = "<group>"; };
		0A5EC19E1F298FFF0030844F /* AppDelegate.m */ = {isa = PBXFileReference; lastKnownFileType = sourcecode.c.objc; path = AppDelegate.m; sourceTree = "<group>"; };
		0A5EC1A71F298FFF0030844F /* Base */ = {isa = PBXFileReference; lastKnownFileType = file.storyboard; name = Base; path = Base.lproj/Main.storyboard; sourceTree = "<group>"; };
		0A5EC1A91F298FFF0030844F /* Assets.xcassets */ = {isa = PBXFileReference; lastKnownFileType = folder.assetcatalog; path = Assets.xcassets; sourceTree = "<group>"; };
		0A5EC1AC1F298FFF0030844F /* Base */ = {isa = PBXFileReference; lastKnownFileType = file.storyboard; name = Base; path = Base.lproj/LaunchScreen.storyboard; sourceTree = "<group>"; };
		0A5EC1AE1F298FFF0030844F /* Info.plist */ = {isa = PBXFileReference; lastKnownFileType = text.plist.xml; path = Info.plist; sourceTree = "<group>"; };
		0A5EC1B31F2990000030844F /* UnitTestDemoTests.xctest */ = {isa = PBXFileReference; explicitFileType = wrapper.cfbundle; includeInIndex = 0; path = UnitTestDemoTests.xctest; sourceTree = BUILT_PRODUCTS_DIR; };
		0A5EC1B91F2990000030844F /* Info.plist */ = {isa = PBXFileReference; lastKnownFileType = text.plist.xml; path = Info.plist; sourceTree = "<group>"; };
		0ACF516A1F2AC2BC00518C8C /* FirstViewControllerTests.m */ = {isa = PBXFileReference; fileEncoding = 4; lastKnownFileType = sourcecode.c.objc; path = FirstViewControllerTests.m; sourceTree = "<group>"; };
		0AD203CF1F2AC9F600721F5D /* UIButton+TestingHelper.h */ = {isa = PBXFileReference; fileEncoding = 4; lastKnownFileType = sourcecode.c.h; path = "UIButton+TestingHelper.h"; sourceTree = "<group>"; };
		0AD203D01F2AC9F600721F5D /* UIButton+TestingHelper.m */ = {isa = PBXFileReference; fileEncoding = 4; lastKnownFileType = sourcecode.c.objc; path = "UIButton+TestingHelper.m"; sourceTree = "<group>"; };
		0AD203D21F2ADB0700721F5D /* CustomViewController.h */ = {isa = PBXFileReference; fileEncoding = 4; lastKnownFileType = sourcecode.c.h; path = CustomViewController.h; sourceTree = "<group>"; };
		0AD203D31F2ADB0700721F5D /* CustomViewController.m */ = {isa = PBXFileReference; fileEncoding = 4; lastKnownFileType = sourcecode.c.objc; path = CustomViewController.m; sourceTree = "<group>"; };
		0AD203D51F2B189C00721F5D /* PersonalCenterViewModel+TestingHelp.h */ = {isa = PBXFileReference; fileEncoding = 4; lastKnownFileType = sourcecode.c.h; path = "PersonalCenterViewModel+TestingHelp.h"; sourceTree = "<group>"; };
		0AD203D61F2B189C00721F5D /* PersonalCenterViewModel+TestingHelp.m */ = {isa = PBXFileReference; fileEncoding = 4; lastKnownFileType = sourcecode.c.objc; path = "PersonalCenterViewModel+TestingHelp.m"; sourceTree = "<group>"; };
		DBB8F622DD47772FB695AE92 /* libPods-UnitTestDemo.a */ = {isa = PBXFileReference; explicitFileType = archive.ar; includeInIndex = 0; path = "libPods-UnitTestDemo.a"; sourceTree = BUILT_PRODUCTS_DIR; };
		DE498CF183497058852340E5 /* Pods-UnitTestDemo.release.xcconfig */ = {isa = PBXFileReference; includeInIndex = 1; lastKnownFileType = text.xcconfig; name = "Pods-UnitTestDemo.release.xcconfig"; path = "Pods/Target Support Files/Pods-UnitTestDemo/Pods-UnitTestDemo.release.xcconfig"; sourceTree = "<group>"; };
/* End PBXFileReference section */

/* Begin PBXFrameworksBuildPhase section */
		0A5EC1941F298FFF0030844F /* Frameworks */ = {
			isa = PBXFrameworksBuildPhase;
			buildActionMask = 2147483647;
			files = (
				DEC06B9AB3EA70541A6372E7 /* libPods-UnitTestDemo.a in Frameworks */,
			);
			runOnlyForDeploymentPostprocessing = 0;
		};
		0A5EC1B01F2990000030844F /* Frameworks */ = {
			isa = PBXFrameworksBuildPhase;
			buildActionMask = 2147483647;
			files = (
			);
			runOnlyForDeploymentPostprocessing = 0;
		};
/* End PBXFrameworksBuildPhase section */

/* Begin PBXGroup section */
		0A4172591F2A01FE00CB61A3 /* First */ = {
			isa = PBXGroup;
			children = (
				0A41725A1F2A01FE00CB61A3 /* FirstViewController.h */,
				0A41725B1F2A01FE00CB61A3 /* FirstViewController.m */,
			);
			path = First;
			sourceTree = "<group>";
		};
		0A41725C1F2A01FE00CB61A3 /* PersonalCenter */ = {
			isa = PBXGroup;
			children = (
				0A41725D1F2A01FE00CB61A3 /* PersonalCenterViewController.h */,
				0A41725E1F2A01FE00CB61A3 /* PersonalCenterViewController.m */,
				0A41725F1F2A01FE00CB61A3 /* PersonalCenterViewModel.h */,
				0A4172601F2A01FE00CB61A3 /* PersonalCenterViewModel.m */,
			);
			path = PersonalCenter;
			sourceTree = "<group>";
		};
		0A4172611F2A01FE00CB61A3 /* Second */ = {
			isa = PBXGroup;
			children = (
				0A4172621F2A01FE00CB61A3 /* SecondViewController.h */,
				0A4172631F2A01FE00CB61A3 /* SecondViewController.m */,
			);
			path = Second;
			sourceTree = "<group>";
		};
		0A4172641F2A01FE00CB61A3 /* Three */ = {
			isa = PBXGroup;
			children = (
				0A4172651F2A01FE00CB61A3 /* ItemDetailViewController.h */,
				0A4172661F2A01FE00CB61A3 /* ItemDetailViewController.m */,
				0A4172671F2A01FE00CB61A3 /* TopListViewController.h */,
				0A4172681F2A01FE00CB61A3 /* TopListViewController.m */,
			);
			path = Three;
			sourceTree = "<group>";
		};
		0A5EC18E1F298FFF0030844F = {
			isa = PBXGroup;
			children = (
				0A5EC1991F298FFF0030844F /* UnitTestDemo */,
				0A5EC1B61F2990000030844F /* UnitTestDemoTests */,
				0A5EC1981F298FFF0030844F /* Products */,
				912C891DDB21C502EF53B7A4 /* Pods */,
				453CCA19115579E066B6C6A0 /* Frameworks */,
			);
			sourceTree = "<group>";
		};
		0A5EC1981F298FFF0030844F /* Products */ = {
			isa = PBXGroup;
			children = (
				0A5EC1971F298FFF0030844F /* UnitTestDemo.app */,
				0A5EC1B31F2990000030844F /* UnitTestDemoTests.xctest */,
			);
			name = Products;
			sourceTree = "<group>";
		};
		0A5EC1991F298FFF0030844F /* UnitTestDemo */ = {
			isa = PBXGroup;
			children = (
				0A4172591F2A01FE00CB61A3 /* First */,
				0A41725C1F2A01FE00CB61A3 /* PersonalCenter */,
				0A4172611F2A01FE00CB61A3 /* Second */,
				0A4172641F2A01FE00CB61A3 /* Three */,
				0AD203D21F2ADB0700721F5D /* CustomViewController.h */,
				0AD203D31F2ADB0700721F5D /* CustomViewController.m */,
				0A5EC19D1F298FFF0030844F /* AppDelegate.h */,
				0A5EC19E1F298FFF0030844F /* AppDelegate.m */,
				0A5EC1A61F298FFF0030844F /* Main.storyboard */,
				0A5EC1A91F298FFF0030844F /* Assets.xcassets */,
				0A5EC1AB1F298FFF0030844F /* LaunchScreen.storyboard */,
				0A5EC1AE1F298FFF0030844F /* Info.plist */,
				0A5EC19A1F298FFF0030844F /* Supporting Files */,
			);
			path = UnitTestDemo;
			sourceTree = "<group>";
		};
		0A5EC19A1F298FFF0030844F /* Supporting Files */ = {
			isa = PBXGroup;
			children = (
				0A5EC19B1F298FFF0030844F /* main.m */,
			);
			name = "Supporting Files";
			sourceTree = "<group>";
		};
		0A5EC1B61F2990000030844F /* UnitTestDemoTests */ = {
			isa = PBXGroup;
			children = (
				0ACF516A1F2AC2BC00518C8C /* FirstViewControllerTests.m */,
				0A4172781F2A0E8C00CB61A3 /* UIView+TestingHelper.h */,
				0A4172791F2A0E8C00CB61A3 /* UIView+TestingHelper.m */,
				0AD203CF1F2AC9F600721F5D /* UIButton+TestingHelper.h */,
				0AD203D01F2AC9F600721F5D /* UIButton+TestingHelper.m */,
				0AD203D51F2B189C00721F5D /* PersonalCenterViewModel+TestingHelp.h */,
				0AD203D61F2B189C00721F5D /* PersonalCenterViewModel+TestingHelp.m */,
				0A4172761F2A07D600CB61A3 /* UnitTestDemoTests.m */,
				0A5EC1B91F2990000030844F /* Info.plist */,
			);
			path = UnitTestDemoTests;
			sourceTree = "<group>";
		};
		453CCA19115579E066B6C6A0 /* Frameworks */ = {
			isa = PBXGroup;
			children = (
				DBB8F622DD47772FB695AE92 /* libPods-UnitTestDemo.a */,
			);
			name = Frameworks;
			sourceTree = "<group>";
		};
		912C891DDB21C502EF53B7A4 /* Pods */ = {
			isa = PBXGroup;
			children = (
				05EB1976BE4763FD0B2464F1 /* Pods-UnitTestDemo.debug.xcconfig */,
				DE498CF183497058852340E5 /* Pods-UnitTestDemo.release.xcconfig */,
			);
			name = Pods;
			sourceTree = "<group>";
		};
/* End PBXGroup section */

/* Begin PBXNativeTarget section */
		0A5EC1961F298FFF0030844F /* UnitTestDemo */ = {
			isa = PBXNativeTarget;
			buildConfigurationList = 0A5EC1BC1F2990000030844F /* Build configuration list for PBXNativeTarget "UnitTestDemo" */;
			buildPhases = (
				0A4C0113130BAC425952848D /* [CP] Check Pods Manifest.lock */,
				0A5EC1931F298FFF0030844F /* Sources */,
				0A5EC1941F298FFF0030844F /* Frameworks */,
				0A5EC1951F298FFF0030844F /* Resources */,
				8EA1B3BAEDA16D3907B26024 /* [CP] Embed Pods Frameworks */,
				D8504771A8D00C0C76C42346 /* [CP] Copy Pods Resources */,
			);
			buildRules = (
			);
			dependencies = (
			);
			name = UnitTestDemo;
			productName = UnitTestDemo;
			productReference = 0A5EC1971F298FFF0030844F /* UnitTestDemo.app */;
			productType = "com.apple.product-type.application";
		};
		0A5EC1B21F2990000030844F /* UnitTestDemoTests */ = {
			isa = PBXNativeTarget;
			buildConfigurationList = 0A5EC1BF1F2990000030844F /* Build configuration list for PBXNativeTarget "UnitTestDemoTests" */;
			buildPhases = (
				0A5EC1AF1F2990000030844F /* Sources */,
				0A5EC1B01F2990000030844F /* Frameworks */,
				0A5EC1B11F2990000030844F /* Resources */,
			);
			buildRules = (
			);
			dependencies = (
				0A5EC1B51F2990000030844F /* PBXTargetDependency */,
			);
			name = UnitTestDemoTests;
			productName = UnitTestDemoTests;
			productReference = 0A5EC1B31F2990000030844F /* UnitTestDemoTests.xctest */;
			productType = "com.apple.product-type.bundle.unit-test";
		};
/* End PBXNativeTarget section */

/* Begin PBXProject section */
		0A5EC18F1F298FFF0030844F /* Project object */ = {
			isa = PBXProject;
			attributes = {
				LastUpgradeCheck = 0830;
				ORGANIZATIONNAME = Etop;
				TargetAttributes = {
					0A5EC1961F298FFF0030844F = {
						CreatedOnToolsVersion = 8.3.1;
						DevelopmentTeam = QTR3NT98RR;
						ProvisioningStyle = Automatic;
					};
					0A5EC1B21F2990000030844F = {
						CreatedOnToolsVersion = 8.3.1;
						DevelopmentTeam = QTR3NT98RR;
						ProvisioningStyle = Automatic;
						TestTargetID = 0A5EC1961F298FFF0030844F;
					};
				};
			};
			buildConfigurationList = 0A5EC1921F298FFF0030844F /* Build configuration list for PBXProject "UnitTestDemo" */;
			compatibilityVersion = "Xcode 3.2";
			developmentRegion = English;
			hasScannedForEncodings = 0;
			knownRegions = (
				en,
				Base,
			);
			mainGroup = 0A5EC18E1F298FFF0030844F;
			productRefGroup = 0A5EC1981F298FFF0030844F /* Products */;
			projectDirPath = "";
			projectRoot = "";
			targets = (
				0A5EC1961F298FFF0030844F /* UnitTestDemo */,
				0A5EC1B21F2990000030844F /* UnitTestDemoTests */,
			);
		};
/* End PBXProject section */

/* Begin PBXResourcesBuildPhase section */
		0A5EC1951F298FFF0030844F /* Resources */ = {
			isa = PBXResourcesBuildPhase;
			buildActionMask = 2147483647;
			files = (
				0A5EC1AD1F298FFF0030844F /* LaunchScreen.storyboard in Resources */,
				0A5EC1AA1F298FFF0030844F /* Assets.xcassets in Resources */,
				0A5EC1A81F298FFF0030844F /* Main.storyboard in Resources */,
			);
			runOnlyForDeploymentPostprocessing = 0;
		};
		0A5EC1B11F2990000030844F /* Resources */ = {
			isa = PBXResourcesBuildPhase;
			buildActionMask = 2147483647;
			files = (
			);
			runOnlyForDeploymentPostprocessing = 0;
		};
/* End PBXResourcesBuildPhase section */

/* Begin PBXShellScriptBuildPhase section */
		0A4C0113130BAC425952848D /* [CP] Check Pods Manifest.lock */ = {
			isa = PBXShellScriptBuildPhase;
			buildActionMask = 2147483647;
			files = (
			);
			inputPaths = (
			);
			name = "[CP] Check Pods Manifest.lock";
			outputPaths = (
			);
			runOnlyForDeploymentPostprocessing = 0;
			shellPath = /bin/sh;
			shellScript = "diff \"${PODS_PODFILE_DIR_PATH}/Podfile.lock\" \"${PODS_ROOT}/Manifest.lock\" > /dev/null\nif [ $? != 0 ] ; then\n    # print error to STDERR\n    echo \"error: The sandbox is not in sync with the Podfile.lock. Run 'pod install' or update your CocoaPods installation.\" >&2\n    exit 1\nfi\n";
			showEnvVarsInLog = 0;
		};
		8EA1B3BAEDA16D3907B26024 /* [CP] Embed Pods Frameworks */ = {
			isa = PBXShellScriptBuildPhase;
			buildActionMask = 2147483647;
			files = (
			);
			inputPaths = (
			);
			name = "[CP] Embed Pods Frameworks";
			outputPaths = (
			);
			runOnlyForDeploymentPostprocessing = 0;
			shellPath = /bin/sh;
			shellScript = "\"${SRCROOT}/Pods/Target Support Files/Pods-UnitTestDemo/Pods-UnitTestDemo-frameworks.sh\"\n";
			showEnvVarsInLog = 0;
		};
		D8504771A8D00C0C76C42346 /* [CP] Copy Pods Resources */ = {
			isa = PBXShellScriptBuildPhase;
			buildActionMask = 2147483647;
			files = (
			);
			inputPaths = (
			);
			name = "[CP] Copy Pods Resources";
			outputPaths = (
			);
			runOnlyForDeploymentPostprocessing = 0;
			shellPath = /bin/sh;
			shellScript = "\"${SRCROOT}/Pods/Target Support Files/Pods-UnitTestDemo/Pods-UnitTestDemo-resources.sh\"\n";
			showEnvVarsInLog = 0;
		};
/* End PBXShellScriptBuildPhase section */

/* Begin PBXSourcesBuildPhase section */
		0A5EC1931F298FFF0030844F /* Sources */ = {
			isa = PBXSourcesBuildPhase;
			buildActionMask = 2147483647;
			files = (
				0A41726E1F2A01FE00CB61A3 /* TopListViewController.m in Sources */,
				0A41726C1F2A01FE00CB61A3 /* SecondViewController.m in Sources */,
				0A41726B1F2A01FE00CB61A3 /* PersonalCenterViewModel.m in Sources */,
				0A41726D1F2A01FE00CB61A3 /* ItemDetailViewController.m in Sources */,
				0AD203D41F2ADB0700721F5D /* CustomViewController.m in Sources */,
				0A5EC19F1F298FFF0030844F /* AppDelegate.m in Sources */,
				0A41726A1F2A01FE00CB61A3 /* PersonalCenterViewController.m in Sources */,
				0A4172691F2A01FE00CB61A3 /* FirstViewController.m in Sources */,
				0A5EC19C1F298FFF0030844F /* main.m in Sources */,
			);
			runOnlyForDeploymentPostprocessing = 0;
		};
		0A5EC1AF1F2990000030844F /* Sources */ = {
			isa = PBXSourcesBuildPhase;
			buildActionMask = 2147483647;
			files = (
				0A4172771F2A07D600CB61A3 /* UnitTestDemoTests.m in Sources */,
				0ACF516B1F2AC2BC00518C8C /* FirstViewControllerTests.m in Sources */,
				0AD203D11F2AC9F600721F5D /* UIButton+TestingHelper.m in Sources */,
				0AD203D71F2B189C00721F5D /* PersonalCenterViewModel+TestingHelp.m in Sources */,
				0A41727A1F2A0E8C00CB61A3 /* UIView+TestingHelper.m in Sources */,
			);
			runOnlyForDeploymentPostprocessing = 0;
		};
/* End PBXSourcesBuildPhase section */

/* Begin PBXTargetDependency section */
		0A5EC1B51F2990000030844F /* PBXTargetDependency */ = {
			isa = PBXTargetDependency;
			target = 0A5EC1961F298FFF0030844F /* UnitTestDemo */;
			targetProxy = 0A5EC1B41F2990000030844F /* PBXContainerItemProxy */;
		};
/* End PBXTargetDependency section */

/* Begin PBXVariantGroup section */
		0A5EC1A61F298FFF0030844F /* Main.storyboard */ = {
			isa = PBXVariantGroup;
			children = (
				0A5EC1A71F298FFF0030844F /* Base */,
			);
			name = Main.storyboard;
			sourceTree = "<group>";
		};
		0A5EC1AB1F298FFF0030844F /* LaunchScreen.storyboard */ = {
			isa = PBXVariantGroup;
			children = (
				0A5EC1AC1F298FFF0030844F /* Base */,
			);
			name = LaunchScreen.storyboard;
			sourceTree = "<group>";
		};
/* End PBXVariantGroup section */

/* Begin XCBuildConfiguration section */
		0A5EC1BA1F2990000030844F /* Debug */ = {
			isa = XCBuildConfiguration;
			buildSettings = {
				ALWAYS_SEARCH_USER_PATHS = NO;
				CLANG_ANALYZER_NONNULL = YES;
				CLANG_ANALYZER_NUMBER_OBJECT_CONVERSION = YES_AGGRESSIVE;
				CLANG_CXX_LANGUAGE_STANDARD = "gnu++0x";
				CLANG_CXX_LIBRARY = "libc++";
				CLANG_ENABLE_MODULES = YES;
				CLANG_ENABLE_OBJC_ARC = YES;
				CLANG_WARN_BOOL_CONVERSION = YES;
				CLANG_WARN_CONSTANT_CONVERSION = YES;
				CLANG_WARN_DIRECT_OBJC_ISA_USAGE = YES_ERROR;
				CLANG_WARN_DOCUMENTATION_COMMENTS = YES;
				CLANG_WARN_EMPTY_BODY = YES;
				CLANG_WARN_ENUM_CONVERSION = YES;
				CLANG_WARN_INFINITE_RECURSION = YES;
				CLANG_WARN_INT_CONVERSION = YES;
				CLANG_WARN_OBJC_ROOT_CLASS = YES_ERROR;
				CLANG_WARN_SUSPICIOUS_MOVE = YES;
				CLANG_WARN_UNREACHABLE_CODE = YES;
				CLANG_WARN__DUPLICATE_METHOD_MATCH = YES;
				"CODE_SIGN_IDENTITY[sdk=iphoneos*]" = "iPhone Developer";
				COPY_PHASE_STRIP = NO;
				DEBUG_INFORMATION_FORMAT = dwarf;
				ENABLE_STRICT_OBJC_MSGSEND = YES;
				ENABLE_TESTABILITY = YES;
				GCC_C_LANGUAGE_STANDARD = gnu99;
				GCC_DYNAMIC_NO_PIC = NO;
				GCC_NO_COMMON_BLOCKS = YES;
				GCC_OPTIMIZATION_LEVEL = 0;
				GCC_PREPROCESSOR_DEFINITIONS = (
					"DEBUG=1",
					"$(inherited)",
				);
				GCC_WARN_64_TO_32_BIT_CONVERSION = YES;
				GCC_WARN_ABOUT_RETURN_TYPE = YES_ERROR;
				GCC_WARN_UNDECLARED_SELECTOR = YES;
				GCC_WARN_UNINITIALIZED_AUTOS = YES_AGGRESSIVE;
				GCC_WARN_UNUSED_FUNCTION = YES;
				GCC_WARN_UNUSED_VARIABLE = YES;
				IPHONEOS_DEPLOYMENT_TARGET = 9.1;
				MTL_ENABLE_DEBUG_INFO = YES;
				ONLY_ACTIVE_ARCH = YES;
				SDKROOT = iphoneos;
				TARGETED_DEVICE_FAMILY = "1,2";
			};
			name = Debug;
		};
		0A5EC1BB1F2990000030844F /* Release */ = {
			isa = XCBuildConfiguration;
			buildSettings = {
				ALWAYS_SEARCH_USER_PATHS = NO;
				CLANG_ANALYZER_NONNULL = YES;
				CLANG_ANALYZER_NUMBER_OBJECT_CONVERSION = YES_AGGRESSIVE;
				CLANG_CXX_LANGUAGE_STANDARD = "gnu++0x";
				CLANG_CXX_LIBRARY = "libc++";
				CLANG_ENABLE_MODULES = YES;
				CLANG_ENABLE_OBJC_ARC = YES;
				CLANG_WARN_BOOL_CONVERSION = YES;
				CLANG_WARN_CONSTANT_CONVERSION = YES;
				CLANG_WARN_DIRECT_OBJC_ISA_USAGE = YES_ERROR;
				CLANG_WARN_DOCUMENTATION_COMMENTS = YES;
				CLANG_WARN_EMPTY_BODY = YES;
				CLANG_WARN_ENUM_CONVERSION = YES;
				CLANG_WARN_INFINITE_RECURSION = YES;
				CLANG_WARN_INT_CONVERSION = YES;
				CLANG_WARN_OBJC_ROOT_CLASS = YES_ERROR;
				CLANG_WARN_SUSPICIOUS_MOVE = YES;
				CLANG_WARN_UNREACHABLE_CODE = YES;
				CLANG_WARN__DUPLICATE_METHOD_MATCH = YES;
				"CODE_SIGN_IDENTITY[sdk=iphoneos*]" = "iPhone Developer";
				COPY_PHASE_STRIP = NO;
				DEBUG_INFORMATION_FORMAT = "dwarf-with-dsym";
				ENABLE_NS_ASSERTIONS = NO;
				ENABLE_STRICT_OBJC_MSGSEND = YES;
				GCC_C_LANGUAGE_STANDARD = gnu99;
				GCC_NO_COMMON_BLOCKS = YES;
				GCC_WARN_64_TO_32_BIT_CONVERSION = YES;
				GCC_WARN_ABOUT_RETURN_TYPE = YES_ERROR;
				GCC_WARN_UNDECLARED_SELECTOR = YES;
				GCC_WARN_UNINITIALIZED_AUTOS = YES_AGGRESSIVE;
				GCC_WARN_UNUSED_FUNCTION = YES;
				GCC_WARN_UNUSED_VARIABLE = YES;
				IPHONEOS_DEPLOYMENT_TARGET = 9.1;
				MTL_ENABLE_DEBUG_INFO = NO;
				SDKROOT = iphoneos;
				TARGETED_DEVICE_FAMILY = "1,2";
				VALIDATE_PRODUCT = YES;
			};
			name = Release;
		};
		0A5EC1BD1F2990000030844F /* Debug */ = {
			isa = XCBuildConfiguration;
			baseConfigurationReference = 05EB1976BE4763FD0B2464F1 /* Pods-UnitTestDemo.debug.xcconfig */;
			buildSettings = {
				ASSETCATALOG_COMPILER_APPICON_NAME = AppIcon;
				CLANG_ALLOW_NON_MODULAR_INCLUDES_IN_FRAMEWORK_MODULES = NO;
				DEVELOPMENT_TEAM = QTR3NT98RR;
				FRAMEWORK_SEARCH_PATHS = "";
				INFOPLIST_FILE = UnitTestDemo/Info.plist;
				IPHONEOS_DEPLOYMENT_TARGET = 9.1;
				LD_RUNPATH_SEARCH_PATHS = "$(inherited) @executable_path/Frameworks";
				PRODUCT_BUNDLE_IDENTIFIER = Etop.Demos.UnitTestDemo;
				PRODUCT_NAME = "$(TARGET_NAME)";
			};
			name = Debug;
		};
		0A5EC1BE1F2990000030844F /* Release */ = {
			isa = XCBuildConfiguration;
			baseConfigurationReference = DE498CF183497058852340E5 /* Pods-UnitTestDemo.release.xcconfig */;
			buildSettings = {
				ASSETCATALOG_COMPILER_APPICON_NAME = AppIcon;
				CLANG_ALLOW_NON_MODULAR_INCLUDES_IN_FRAMEWORK_MODULES = NO;
				DEVELOPMENT_TEAM = QTR3NT98RR;
				FRAMEWORK_SEARCH_PATHS = "";
				INFOPLIST_FILE = UnitTestDemo/Info.plist;
				IPHONEOS_DEPLOYMENT_TARGET = 9.1;
				LD_RUNPATH_SEARCH_PATHS = "$(inherited) @executable_path/Frameworks";
				PRODUCT_BUNDLE_IDENTIFIER = Etop.Demos.UnitTestDemo;
				PRODUCT_NAME = "$(TARGET_NAME)";
			};
			name = Release;
		};
		0A5EC1C01F2990000030844F /* Debug */ = {
			isa = XCBuildConfiguration;
			buildSettings = {
				BUNDLE_LOADER = "$(TEST_HOST)";
				CLANG_ALLOW_NON_MODULAR_INCLUDES_IN_FRAMEWORK_MODULES = NO;
				DEVELOPMENT_TEAM = QTR3NT98RR;
				FRAMEWORK_SEARCH_PATHS = "";
				HEADER_SEARCH_PATHS = "";
				INFOPLIST_FILE = UnitTestDemoTests/Info.plist;
				LD_RUNPATH_SEARCH_PATHS = "$(inherited) @executable_path/Frameworks @loader_path/Frameworks";
				LIBRARY_SEARCH_PATHS = "";
				OTHER_LDFLAGS = "";
				PRODUCT_BUNDLE_IDENTIFIER = Etop.Demos.UnitTestDemoTests;
				PRODUCT_NAME = "$(TARGET_NAME)";
				TEST_HOST = "$(BUILT_PRODUCTS_DIR)/UnitTestDemo.app/UnitTestDemo";
			};
			name = Debug;
		};
		0A5EC1C11F2990000030844F /* Release */ = {
			isa = XCBuildConfiguration;
			buildSettings = {
				BUNDLE_LOADER = "$(TEST_HOST)";
				CLANG_ALLOW_NON_MODULAR_INCLUDES_IN_FRAMEWORK_MODULES = NO;
				DEVELOPMENT_TEAM = QTR3NT98RR;
				FRAMEWORK_SEARCH_PATHS = "";
				HEADER_SEARCH_PATHS = "";
				INFOPLIST_FILE = UnitTestDemoTests/Info.plist;
				LD_RUNPATH_SEARCH_PATHS = "$(inherited) @executable_path/Frameworks @loader_path/Frameworks";
				LIBRARY_SEARCH_PATHS = "";
				OTHER_LDFLAGS = "";
				PRODUCT_BUNDLE_IDENTIFIER = Etop.Demos.UnitTestDemoTests;
				PRODUCT_NAME = "$(TARGET_NAME)";
				TEST_HOST = "$(BUILT_PRODUCTS_DIR)/UnitTestDemo.app/UnitTestDemo";
			};
			name = Release;
		};
/* End XCBuildConfiguration section */

/* Begin XCConfigurationList section */
		0A5EC1921F298FFF0030844F /* Build configuration list for PBXProject "UnitTestDemo" */ = {
			isa = XCConfigurationList;
			buildConfigurations = (
				0A5EC1BA1F2990000030844F /* Debug */,
				0A5EC1BB1F2990000030844F /* Release */,
			);
			defaultConfigurationIsVisible = 0;
			defaultConfigurationName = Release;
		};
		0A5EC1BC1F2990000030844F /* Build configuration list for PBXNativeTarget "UnitTestDemo" */ = {
			isa = XCConfigurationList;
			buildConfigurations = (
				0A5EC1BD1F2990000030844F /* Debug */,
				0A5EC1BE1F2990000030844F /* Release */,
			);
			defaultConfigurationIsVisible = 0;
			defaultConfigurationName = Release;
		};
		0A5EC1BF1F2990000030844F /* Build configuration list for PBXNativeTarget "UnitTestDemoTests" */ = {
			isa = XCConfigurationList;
			buildConfigurations = (
				0A5EC1C01F2990000030844F /* Debug */,
				0A5EC1C11F2990000030844F /* Release */,
			);
			defaultConfigurationIsVisible = 0;
			defaultConfigurationName = Release;
		};
/* End XCConfigurationList section */
	};
	rootObject = 0A5EC18F1F298FFF0030844F /* Project object */;
}
